
Microsoft Visual Studio Solution File, Format Version 12.00
# Visual Studio Version 17
VisualStudioVersion = 17.8.34330.188
MinimumVisualStudioVersion = 10.0.40219.1
Project("{FAE04EC0-301F-11D3-BF4B-00C04F79EFBC}") = "PractVarlamov", "PractVarlamov\PractVarlamov.csproj", "{B01801A1-5B0A-449C-BD04-BF156F99D77B}"
EndProject
Global
	GlobalSection(SolutionConfigurationPlatforms) = preSolution
		Debug|Any CPU = Debug|Any CPU
		Release|Any CPU = Release|Any CPU
	EndGlobalSection
	GlobalSection(ProjectConfigurationPlatforms) = postSolution
		{B01801A1-5B0A-449C-BD04-BF156F99D77B}.Debug|Any CPU.ActiveCfg = Debug|Any CPU
		{B01801A1-5B0A-449C-BD04-BF156F99D77B}.Debug|Any CPU.Build.0 = Debug|Any CPU
		{B01801A1-5B0A-449C-BD04-BF156F99D77B}.Release|Any CPU.ActiveCfg = Release|Any CPU
		{B01801A1-5B0A-449C-BD04-BF156F99D77B}.Release|Any CPU.Build.0 = Release|Any CPU
	EndGlobalSection
	GlobalSection(SolutionProperties) = preSolution
		HideSolutionNode = FALSE
	EndGlobalSection
	GlobalSection(ExtensibilityGlobals) = postSolution
		SolutionGuid = {06F08779-8BA6-4792-BF75-34B883D0CA11}
	EndGlobalSection
EndGlobal
